
Microsoft Visual Studio Solution File, Format Version 12.00
# Visual Studio Version 16
VisualStudioVersion = 16.0.30907.101
MinimumVisualStudioVersion = 10.0.40219.1
Project("{FAE04EC0-301F-11D3-BF4B-00C04F79EFBC}") = "220307", "220307\220307.csproj", "{B53010A1-EDA6-46E2-A4EA-F484B9B92971}"
EndProject
Global
	GlobalSection(SolutionConfigurationPlatforms) = preSolution
		Debug|Any CPU = Debug|Any CPU
		Release|Any CPU = Release|Any CPU
	EndGlobalSection
	GlobalSection(ProjectConfigurationPlatforms) = postSolution
		{B53010A1-EDA6-46E2-A4EA-F484B9B92971}.Debug|Any CPU.ActiveCfg = Debug|Any CPU
		{B53010A1-EDA6-46E2-A4EA-F484B9B92971}.Debug|Any CPU.Build.0 = Debug|Any CPU
		{B53010A1-EDA6-46E2-A4EA-F484B9B92971}.Release|Any CPU.ActiveCfg = Release|Any CPU
		{B53010A1-EDA6-46E2-A4EA-F484B9B92971}.Release|Any CPU.Build.0 = Release|Any CPU
	EndGlobalSection
	GlobalSection(SolutionProperties) = preSolution
		HideSolutionNode = FALSE
	EndGlobalSection
	GlobalSection(ExtensibilityGlobals) = postSolution
		SolutionGuid = {315E922F-31F4-44B8-9463-D831E417F302}
	EndGlobalSection
EndGlobal
